
Microsoft Visual Studio Solution File, Format Version 12.00
# Visual Studio Version 17
VisualStudioVersion = 17.7.34024.191
MinimumVisualStudioVersion = 10.0.40219.1
Project("{9A19103F-16F7-4668-BE54-9A1E7A4F7556}") = "CommunityToolkit", "CommunityToolkit\CommunityToolkit.csproj", "{62E0B9B5-8414-4590-895A-898E33931DAE}"
EndProject
Project("{9A19103F-16F7-4668-BE54-9A1E7A4F7556}") = "CommunityToolkitTests", "CommunityToolkitTests\CommunityToolkitTests.csproj", "{3D9B3986-8B29-4C49-BAE1-0C212B75A6C2}"
EndProject
Project("{9A19103F-16F7-4668-BE54-9A1E7A4F7556}") = "ClassLibrary", "..\ClassLibrary\ClassLibrary\ClassLibrary.csproj", "{060EAB4E-FE0F-4F33-8307-D29E511EFDED}"
EndProject
Global
	GlobalSection(SolutionConfigurationPlatforms) = preSolution
		Debug|Any CPU = Debug|Any CPU
		Release|Any CPU = Release|Any CPU
	EndGlobalSection
	GlobalSection(ProjectConfigurationPlatforms) = postSolution
		{62E0B9B5-8414-4590-895A-898E33931DAE}.Debug|Any CPU.ActiveCfg = Debug|Any CPU
		{62E0B9B5-8414-4590-895A-898E33931DAE}.Debug|Any CPU.Build.0 = Debug|Any CPU
		{62E0B9B5-8414-4590-895A-898E33931DAE}.Release|Any CPU.ActiveCfg = Release|Any CPU
		{62E0B9B5-8414-4590-895A-898E33931DAE}.Release|Any CPU.Build.0 = Release|Any CPU
		{3D9B3986-8B29-4C49-BAE1-0C212B75A6C2}.Debug|Any CPU.ActiveCfg = Debug|Any CPU
		{3D9B3986-8B29-4C49-BAE1-0C212B75A6C2}.Debug|Any CPU.Build.0 = Debug|Any CPU
		{3D9B3986-8B29-4C49-BAE1-0C212B75A6C2}.Release|Any CPU.ActiveCfg = Release|Any CPU
		{3D9B3986-8B29-4C49-BAE1-0C212B75A6C2}.Release|Any CPU.Build.0 = Release|Any CPU
		{060EAB4E-FE0F-4F33-8307-D29E511EFDED}.Debug|Any CPU.ActiveCfg = Debug|Any CPU
		{060EAB4E-FE0F-4F33-8307-D29E511EFDED}.Debug|Any CPU.Build.0 = Debug|Any CPU
		{060EAB4E-FE0F-4F33-8307-D29E511EFDED}.Release|Any CPU.ActiveCfg = Release|Any CPU
		{060EAB4E-FE0F-4F33-8307-D29E511EFDED}.Release|Any CPU.Build.0 = Release|Any CPU
	EndGlobalSection
	GlobalSection(SolutionProperties) = preSolution
		HideSolutionNode = FALSE
	EndGlobalSection
	GlobalSection(ExtensibilityGlobals) = postSolution
		SolutionGuid = {FD3B3DE4-4C2C-49CF-8A6E-B3582FB9C1DF}
	EndGlobalSection
EndGlobal
